
Microsoft Visual Studio Solution File, Format Version 12.00
# Visual Studio 15
VisualStudioVersion = 15.0.28307.705
MinimumVisualStudioVersion = 10.0.40219.1
Project("{FAE04EC0-301F-11D3-BF4B-00C04F79EFBC}") = "KL", "KL\KL.csproj", "{5FFABA70-A710-4B3C-BB96-02AA0A57C0B1}"
EndProject
Project("{FAE04EC0-301F-11D3-BF4B-00C04F79EFBC}") = "DemoBrowser", "DemoBrowser\DemoBrowser.csproj", "{5D01B6D3-D65D-437F-A49A-62446D233A82}"
EndProject
Global
	GlobalSection(SolutionConfigurationPlatforms) = preSolution
		Debug|Any CPU = Debug|Any CPU
		Release|Any CPU = Release|Any CPU
	EndGlobalSection
	GlobalSection(ProjectConfigurationPlatforms) = postSolution
		{5FFABA70-A710-4B3C-BB96-02AA0A57C0B1}.Debug|Any CPU.ActiveCfg = Debug|Any CPU
		{5FFABA70-A710-4B3C-BB96-02AA0A57C0B1}.Debug|Any CPU.Build.0 = Debug|Any CPU
		{5FFABA70-A710-4B3C-BB96-02AA0A57C0B1}.Release|Any CPU.ActiveCfg = Release|Any CPU
		{5FFABA70-A710-4B3C-BB96-02AA0A57C0B1}.Release|Any CPU.Build.0 = Release|Any CPU
		{5D01B6D3-D65D-437F-A49A-62446D233A82}.Debug|Any CPU.ActiveCfg = Debug|Any CPU
		{5D01B6D3-D65D-437F-A49A-62446D233A82}.Debug|Any CPU.Build.0 = Debug|Any CPU
		{5D01B6D3-D65D-437F-A49A-62446D233A82}.Release|Any CPU.ActiveCfg = Release|Any CPU
		{5D01B6D3-D65D-437F-A49A-62446D233A82}.Release|Any CPU.Build.0 = Release|Any CPU
	EndGlobalSection
	GlobalSection(SolutionProperties) = preSolution
		HideSolutionNode = FALSE
	EndGlobalSection
	GlobalSection(ExtensibilityGlobals) = postSolution
		SolutionGuid = {D0884900-2F69-4015-A0B9-BBE73E191E9A}
	EndGlobalSection
EndGlobal
