
Microsoft Visual Studio Solution File, Format Version 12.00
# Visual Studio Version 16
VisualStudioVersion = 16.0.29418.71
MinimumVisualStudioVersion = 10.0.40219.1
Project("{FAE04EC0-301F-11D3-BF4B-00C04F79EFBC}") = "CategoryPJ", "CategoryPJ\CategoryPJ.csproj", "{D180E9AB-3958-4FA8-857C-92B80EE32953}"
EndProject
Project("{FAE04EC0-301F-11D3-BF4B-00C04F79EFBC}") = "Modelclass", "Modelclass\Modelclass.csproj", "{C9C63379-C9C3-4C67-8D03-C326CF064440}"
EndProject
Global
	GlobalSection(SolutionConfigurationPlatforms) = preSolution
		Debug|Any CPU = Debug|Any CPU
		Release|Any CPU = Release|Any CPU
	EndGlobalSection
	GlobalSection(ProjectConfigurationPlatforms) = postSolution
		{D180E9AB-3958-4FA8-857C-92B80EE32953}.Debug|Any CPU.ActiveCfg = Debug|Any CPU
		{D180E9AB-3958-4FA8-857C-92B80EE32953}.Debug|Any CPU.Build.0 = Debug|Any CPU
		{D180E9AB-3958-4FA8-857C-92B80EE32953}.Release|Any CPU.ActiveCfg = Release|Any CPU
		{D180E9AB-3958-4FA8-857C-92B80EE32953}.Release|Any CPU.Build.0 = Release|Any CPU
		{C9C63379-C9C3-4C67-8D03-C326CF064440}.Debug|Any CPU.ActiveCfg = Debug|Any CPU
		{C9C63379-C9C3-4C67-8D03-C326CF064440}.Debug|Any CPU.Build.0 = Debug|Any CPU
		{C9C63379-C9C3-4C67-8D03-C326CF064440}.Release|Any CPU.ActiveCfg = Release|Any CPU
		{C9C63379-C9C3-4C67-8D03-C326CF064440}.Release|Any CPU.Build.0 = Release|Any CPU
	EndGlobalSection
	GlobalSection(SolutionProperties) = preSolution
		HideSolutionNode = FALSE
	EndGlobalSection
	GlobalSection(ExtensibilityGlobals) = postSolution
		SolutionGuid = {C00083DF-436B-4F47-8570-C6BB279B713F}
	EndGlobalSection
EndGlobal
