
Microsoft Visual Studio Solution File, Format Version 12.00
# Visual Studio 15
VisualStudioVersion = 15.0.28307.852
MinimumVisualStudioVersion = 10.0.40219.1
Project("{FAE04EC0-301F-11D3-BF4B-00C04F79EFBC}") = "Furniture", "Furniture\Furniture.csproj", "{A8D2F896-1F51-4DBD-96CF-043DE849534F}"
EndProject
Project("{FAE04EC0-301F-11D3-BF4B-00C04F79EFBC}") = "Models", "Models\Models.csproj", "{06AB3C87-DCE8-4C36-9CB9-49E9336F211B}"
EndProject
Global
	GlobalSection(SolutionConfigurationPlatforms) = preSolution
		Debug|Any CPU = Debug|Any CPU
		Release|Any CPU = Release|Any CPU
	EndGlobalSection
	GlobalSection(ProjectConfigurationPlatforms) = postSolution
		{A8D2F896-1F51-4DBD-96CF-043DE849534F}.Debug|Any CPU.ActiveCfg = Debug|Any CPU
		{A8D2F896-1F51-4DBD-96CF-043DE849534F}.Debug|Any CPU.Build.0 = Debug|Any CPU
		{A8D2F896-1F51-4DBD-96CF-043DE849534F}.Release|Any CPU.ActiveCfg = Release|Any CPU
		{A8D2F896-1F51-4DBD-96CF-043DE849534F}.Release|Any CPU.Build.0 = Release|Any CPU
		{06AB3C87-DCE8-4C36-9CB9-49E9336F211B}.Debug|Any CPU.ActiveCfg = Debug|Any CPU
		{06AB3C87-DCE8-4C36-9CB9-49E9336F211B}.Debug|Any CPU.Build.0 = Debug|Any CPU
		{06AB3C87-DCE8-4C36-9CB9-49E9336F211B}.Release|Any CPU.ActiveCfg = Release|Any CPU
		{06AB3C87-DCE8-4C36-9CB9-49E9336F211B}.Release|Any CPU.Build.0 = Release|Any CPU
	EndGlobalSection
	GlobalSection(SolutionProperties) = preSolution
		HideSolutionNode = FALSE
	EndGlobalSection
	GlobalSection(ExtensibilityGlobals) = postSolution
		SolutionGuid = {12DA6B81-DAB5-4E23-9D69-EA7ECC375CFB}
	EndGlobalSection
EndGlobal
